
Microsoft Visual Studio Solution File, Format Version 12.00
# Visual Studio Version 17
VisualStudioVersion = 17.3.32825.248
MinimumVisualStudioVersion = 10.0.40219.1
Project("{FAE04EC0-301F-11D3-BF4B-00C04F79EFBC}") = "inheritence", "inheritence\inheritence.csproj", "{4E016CE5-B690-4F69-A191-86128E21E36A}"
EndProject
Global
	GlobalSection(SolutionConfigurationPlatforms) = preSolution
		Debug|Any CPU = Debug|Any CPU
		Release|Any CPU = Release|Any CPU
	EndGlobalSection
	GlobalSection(ProjectConfigurationPlatforms) = postSolution
		{4E016CE5-B690-4F69-A191-86128E21E36A}.Debug|Any CPU.ActiveCfg = Debug|Any CPU
		{4E016CE5-B690-4F69-A191-86128E21E36A}.Debug|Any CPU.Build.0 = Debug|Any CPU
		{4E016CE5-B690-4F69-A191-86128E21E36A}.Release|Any CPU.ActiveCfg = Release|Any CPU
		{4E016CE5-B690-4F69-A191-86128E21E36A}.Release|Any CPU.Build.0 = Release|Any CPU
	EndGlobalSection
	GlobalSection(SolutionProperties) = preSolution
		HideSolutionNode = FALSE
	EndGlobalSection
	GlobalSection(ExtensibilityGlobals) = postSolution
		SolutionGuid = {1A029805-41C9-451F-951D-620F0809C50F}
	EndGlobalSection
EndGlobal
